
Microsoft Visual Studio Solution File, Format Version 12.00
# Visual Studio 15
VisualStudioVersion = 15.0.28307.106
MinimumVisualStudioVersion = 10.0.40219.1
Project("{FAE04EC0-301F-11D3-BF4B-00C04F79EFBC}") = "DISample", "DISample\DISample.csproj", "{CF13D502-1EBF-4583-B024-ABCBC904EB43}"
EndProject
Global
	GlobalSection(SolutionConfigurationPlatforms) = preSolution
		Debug|Any CPU = Debug|Any CPU
		Release|Any CPU = Release|Any CPU
	EndGlobalSection
	GlobalSection(ProjectConfigurationPlatforms) = postSolution
		{CF13D502-1EBF-4583-B024-ABCBC904EB43}.Debug|Any CPU.ActiveCfg = Debug|Any CPU
		{CF13D502-1EBF-4583-B024-ABCBC904EB43}.Debug|Any CPU.Build.0 = Debug|Any CPU
		{CF13D502-1EBF-4583-B024-ABCBC904EB43}.Release|Any CPU.ActiveCfg = Release|Any CPU
		{CF13D502-1EBF-4583-B024-ABCBC904EB43}.Release|Any CPU.Build.0 = Release|Any CPU
	EndGlobalSection
	GlobalSection(SolutionProperties) = preSolution
		HideSolutionNode = FALSE
	EndGlobalSection
	GlobalSection(ExtensibilityGlobals) = postSolution
		SolutionGuid = {96892D81-083B-4AFF-ACFC-15F65104FC80}
	EndGlobalSection
EndGlobal
